# This file is autogenerated, do not edit; changes may be undone by the next 'dep ensure'.


[[projects]]
  name = "github.com/pkg/errors"
  packages = ["."]
  revision = "645ef00459ed84a119197bfb8d8205042c6df63d"
  version = "v0.8.0"

[[projects]]
  name = "github.com/robbert229/jwt"
  packages = ["."]
  revision = "81ddea8e91eecffef557c5e4ce8e78a1d472d7d7"
  version = "v2.0.0"

[solve-meta]
  analyzer-name = "dep"
  analyzer-version = 1
  inputs-digest = "09f88c8b25db4caace633bcccce4f4d942a810603dd2befe65a69191b0869b14"
  solver-name = "gps-cdcl"
  solver-version = 1
